
Microsoft Visual Studio Solution File, Format Version 12.00
# Visual Studio Version 16
VisualStudioVersion = 16.0.32413.511
MinimumVisualStudioVersion = 10.0.40219.1
Project("{FAE04EC0-301F-11D3-BF4B-00C04F79EFBC}") = "UniquePaths", "UniquePaths\UniquePaths.csproj", "{B3C0CEAA-B6E8-4313-B390-C3C3F6555CE5}"
EndProject
Global
	GlobalSection(SolutionConfigurationPlatforms) = preSolution
		Debug|Any CPU = Debug|Any CPU
		Release|Any CPU = Release|Any CPU
	EndGlobalSection
	GlobalSection(ProjectConfigurationPlatforms) = postSolution
		{B3C0CEAA-B6E8-4313-B390-C3C3F6555CE5}.Debug|Any CPU.ActiveCfg = Debug|Any CPU
		{B3C0CEAA-B6E8-4313-B390-C3C3F6555CE5}.Debug|Any CPU.Build.0 = Debug|Any CPU
		{B3C0CEAA-B6E8-4313-B390-C3C3F6555CE5}.Release|Any CPU.ActiveCfg = Release|Any CPU
		{B3C0CEAA-B6E8-4313-B390-C3C3F6555CE5}.Release|Any CPU.Build.0 = Release|Any CPU
	EndGlobalSection
	GlobalSection(SolutionProperties) = preSolution
		HideSolutionNode = FALSE
	EndGlobalSection
	GlobalSection(ExtensibilityGlobals) = postSolution
		SolutionGuid = {44FA5BDA-D1A7-47D0-8D39-E67C2E72AD1C}
	EndGlobalSection
EndGlobal
